
Microsoft Visual Studio Solution File, Format Version 12.00
# Visual Studio Version 16
VisualStudioVersion = 16.0.29409.12
MinimumVisualStudioVersion = 10.0.40219.1
Project("{FAE04EC0-301F-11D3-BF4B-00C04F79EFBC}") = "TestGitApp", "TestGitApp\TestGitApp.csproj", "{412E0D87-F5F9-40E4-AF4C-A15D549BDE76}"
EndProject
Global
	GlobalSection(SolutionConfigurationPlatforms) = preSolution
		Debug|Any CPU = Debug|Any CPU
		Release|Any CPU = Release|Any CPU
	EndGlobalSection
	GlobalSection(ProjectConfigurationPlatforms) = postSolution
		{412E0D87-F5F9-40E4-AF4C-A15D549BDE76}.Debug|Any CPU.ActiveCfg = Debug|Any CPU
		{412E0D87-F5F9-40E4-AF4C-A15D549BDE76}.Debug|Any CPU.Build.0 = Debug|Any CPU
		{412E0D87-F5F9-40E4-AF4C-A15D549BDE76}.Release|Any CPU.ActiveCfg = Release|Any CPU
		{412E0D87-F5F9-40E4-AF4C-A15D549BDE76}.Release|Any CPU.Build.0 = Release|Any CPU
	EndGlobalSection
	GlobalSection(SolutionProperties) = preSolution
		HideSolutionNode = FALSE
	EndGlobalSection
	GlobalSection(ExtensibilityGlobals) = postSolution
		SolutionGuid = {80585DC2-5F40-4FA5-B4F8-BDBB3D2F87AD}
	EndGlobalSection
EndGlobal
